{
  "originHash" : "af37180593defd082d6e30fb94f3a506427fa08eabe4088de6c38bac3c8c6bad",
  "pins" : [
    {
      "identity" : "swift-log",
      "kind" : "remoteSourceControl",
      "location" : "https://github.com/apple/swift-log.git",
      "state" : {
        "revision" : "9c6fb14227f55d8f711ce3847dc2f419fb0ecacb",
        "version" : "1.15.1"
      }
    },
    {
      "identity" : "swift-networking",
      "kind" : "remoteSourceControl",
      "location" : "https://github.com/1amageek/swift-networking.git",
      "state" : {
        "revision" : "c5da46c2ab2fd1244b40a208cd1fa406ead43dca"
      }
    },
    {
      "identity" : "swift-ssl",
      "kind" : "remoteSourceControl",
      "location" : "https://github.com/1amageek/swift-ssl.git",
      "state" : {
        "revision" : "045d6c1ccffd5adc7f2da2fd748de86f05bbde9b"
      }
    },
    {
      "identity" : "swift-tls",
      "kind" : "remoteSourceControl",
      "location" : "https://github.com/1amageek/swift-tls.git",
      "state" : {
        "revision" : "cbb2f5b3e3355c51cfea2edc6a8282fed16e790d"
      }
    }
  ],
  "version" : 3
}
